<?xml version="1.0" encoding="utf-8"?>
<Project ToolsVersion="4.0" xmlns="http://schemas.microsoft.com/developer/msbuild/2003">
  <ItemGroup>
    <Filter Include="Source Files">
      <UniqueIdentifier>{4FC737F1-C7A5-4376-A066-2A32D752A2FF}</UniqueIdentifier>
      <Extensions>cpp;cxx;c;def</Extensions>
    </Filter>
    <Filter Include="Header Files">
      <UniqueIdentifier>{93995380-89BD-4b04-88EB-625FBE52EBFB}</UniqueIdentifier>
      <Extensions>h</Extensions>
    </Filter>
    <Filter Include="Form Files">
      <UniqueIdentifier>{99349809-55BA-4b9d-BF79-8FDBB0286EB3}</UniqueIdentifier>
      <Extensions>ui</Extensions>
    </Filter>
    <Filter Include="Resource Files">
      <UniqueIdentifier>{D9D6E242-F8AF-46E4-B9FD-80ECBC20BA3E}</UniqueIdentifier>
      <Extensions>qrc;*</Extensions>
      <ParseFiles>false</ParseFiles>
    </Filter>
    <Filter Include="Generated Files">
      <UniqueIdentifier>{71ED8ED8-ACB9-4CE9-BBE1-E00B30144E11}</UniqueIdentifier>
      <Extensions>moc;h;cpp</Extensions>
      <SourceControlFiles>False</SourceControlFiles>
    </Filter>
    <Filter Include="Generated Files\Debug">
      <UniqueIdentifier>{e429c4f3-a26e-49e2-8396-6c5cb99c2e86}</UniqueIdentifier>
      <Extensions>cpp;moc</Extensions>
      <SourceControlFiles>False</SourceControlFiles>
    </Filter>
    <Filter Include="Generated Files\Release">
      <UniqueIdentifier>{8f71e502-ad2c-4d43-816f-f93204607b79}</UniqueIdentifier>
      <Extensions>cpp;moc</Extensions>
      <SourceControlFiles>False</SourceControlFiles>
    </Filter>
    <Filter Include="src">
      <UniqueIdentifier>{bdf32e49-4781-4953-b986-30936c128a3a}</UniqueIdentifier>
    </Filter>
    <Filter Include="dvb-t">
      <UniqueIdentifier>{2cacb277-1251-449b-ad66-b4a0fab42d21}</UniqueIdentifier>
    </Filter>
    <Filter Include="dvb-s2">
      <UniqueIdentifier>{0ec6f27a-070b-4851-a772-105a2171f76c}</UniqueIdentifier>
    </Filter>
    <Filter Include="dvb-s">
      <UniqueIdentifier>{f5c53c4c-eef7-4772-9a2c-5f2389c3d1fe}</UniqueIdentifier>
    </Filter>
  </ItemGroup>
  <ItemGroup>
    <ClCompile Include="..\main.cpp">
      <Filter>Source Files</Filter>
    </ClCompile>
    <ClCompile Include="..\mainwindow.cpp">
      <Filter>Source Files</Filter>
    </ClCompile>
    <ClCompile Include="GeneratedFiles\Debug\moc_mainwindow.cpp">
      <Filter>Generated Files\Debug</Filter>
    </ClCompile>
    <ClCompile Include="GeneratedFiles\Release\moc_mainwindow.cpp">
      <Filter>Generated Files\Release</Filter>
    </ClCompile>
    <ClCompile Include="..\Sources\dvb.cpp">
      <Filter>src</Filter>
    </ClCompile>
    <ClCompile Include="..\Sources\dvb_buffer.cpp">
      <Filter>src</Filter>
    </ClCompile>
    <ClCompile Include="..\Sources\dvb_config.cpp">
      <Filter>src</Filter>
    </ClCompile>
    <ClCompile Include="..\Sources\dvb_conv.cpp">
      <Filter>src</Filter>
    </ClCompile>
    <ClCompile Include="..\Sources\dvb_crc32.cpp">
      <Filter>src</Filter>
    </ClCompile>
    <ClCompile Include="..\Sources\dvb_encode.cpp">
      <Filter>src</Filter>
    </ClCompile>
    <ClCompile Include="..\Sources\dvb_final_tx_queue.cpp">
      <Filter>src</Filter>
    </ClCompile>
    <ClCompile Include="..\Sources\dvb_gen.cpp">
      <Filter>src</Filter>
    </ClCompile>
    <ClCompile Include="..\Sources\dvb_gui_if.cpp">
      <Filter>src</Filter>
    </ClCompile>
    <ClCompile Include="..\Sources\dvb_log.cpp">
      <Filter>src</Filter>
    </ClCompile>
    <ClCompile Include="..\Sources\dvb_pes_process.cpp">
      <Filter>src</Filter>
    </ClCompile>
    <ClCompile Include="..\Sources\dvb_s2_if.cpp">
      <Filter>src</Filter>
    </ClCompile>
    <ClCompile Include="..\Sources\dvb_teletext.cpp">
      <Filter>src</Filter>
    </ClCompile>
    <ClCompile Include="..\Sources\dvb_time.cpp">
      <Filter>src</Filter>
    </ClCompile>
    <ClCompile Include="..\Sources\dvb_timer.cpp">
      <Filter>src</Filter>
    </ClCompile>
    <ClCompile Include="..\Sources\dvb_ts_if.cpp">
      <Filter>src</Filter>
    </ClCompile>
    <ClCompile Include="..\Sources\dvb_tx_frame.cpp">
      <Filter>src</Filter>
    </ClCompile>
    <ClCompile Include="..\Sources\dvb_tx_transport_flow.cpp">
      <Filter>src</Filter>
    </ClCompile>
    <ClCompile Include="..\Sources\dvb_udp.cpp">
      <Filter>src</Filter>
    </ClCompile>
    <ClCompile Include="..\Sources\equipment_control.cpp">
      <Filter>src</Filter>
    </ClCompile>
    <ClCompile Include="..\Sources\mp_desc.cpp">
      <Filter>src</Filter>
    </ClCompile>
    <ClCompile Include="..\Sources\mp_eit.cpp">
      <Filter>src</Filter>
    </ClCompile>
    <ClCompile Include="..\Sources\mp_elem.cpp">
      <Filter>src</Filter>
    </ClCompile>
    <ClCompile Include="..\Sources\mp_f_tp.cpp">
      <Filter>src</Filter>
    </ClCompile>
    <ClCompile Include="..\Sources\mp_f_tp_desc.cpp">
      <Filter>src</Filter>
    </ClCompile>
    <ClCompile Include="..\Sources\mp_nit.cpp">
      <Filter>src</Filter>
    </ClCompile>
    <ClCompile Include="..\Sources\mp_null.cpp">
      <Filter>src</Filter>
    </ClCompile>
    <ClCompile Include="..\Sources\mp_pat.cpp">
      <Filter>src</Filter>
    </ClCompile>
    <ClCompile Include="..\Sources\mp_pcr.cpp">
      <Filter>src</Filter>
    </ClCompile>
    <ClCompile Include="..\Sources\mp_pmt.cpp">
      <Filter>src</Filter>
    </ClCompile>
    <ClCompile Include="..\Sources\mp_scr_parse.cpp">
      <Filter>src</Filter>
    </ClCompile>
    <ClCompile Include="..\Sources\mp_sdt.cpp">
      <Filter>src</Filter>
    </ClCompile>
    <ClCompile Include="..\Sources\mp_si_desc.cpp">
      <Filter>src</Filter>
    </ClCompile>
    <ClCompile Include="..\Sources\mp_tdt.cpp">
      <Filter>src</Filter>
    </ClCompile>
    <ClCompile Include="..\Sources\si570.cpp">
      <Filter>src</Filter>
    </ClCompile>
    <ClCompile Include="..\Sources\tp_logger.cpp">
      <Filter>src</Filter>
    </ClCompile>
    <ClCompile Include="..\Sources\tx_hardware.cpp">
      <Filter>src</Filter>
    </ClCompile>
    <ClCompile Include="..\DVB-T\dvb_t.cpp">
      <Filter>dvb-t</Filter>
    </ClCompile>
    <ClCompile Include="..\DVB-T\dvb_t_bits.cpp">
      <Filter>dvb-t</Filter>
    </ClCompile>
    <ClCompile Include="..\DVB-T\dvb_t_enc.cpp">
      <Filter>dvb-t</Filter>
    </ClCompile>
    <ClCompile Include="..\DVB-T\dvb_t_i.cpp">
      <Filter>dvb-t</Filter>
    </ClCompile>
    <ClCompile Include="..\DVB-T\dvb_t_lpf.cpp">
      <Filter>dvb-t</Filter>
    </ClCompile>
    <ClCompile Include="..\DVB-T\dvb_t_mod.cpp">
      <Filter>dvb-t</Filter>
    </ClCompile>
    <ClCompile Include="..\DVB-T\dvb_t_qam_tab.cpp">
      <Filter>dvb-t</Filter>
    </ClCompile>
    <ClCompile Include="..\DVB-T\dvb_t_stab.cpp">
      <Filter>dvb-t</Filter>
    </ClCompile>
    <ClCompile Include="..\DVB-T\dvb_t_sym.cpp">
      <Filter>dvb-t</Filter>
    </ClCompile>
    <ClCompile Include="..\DVB-T\dvb_t_tp.cpp">
      <Filter>dvb-t</Filter>
    </ClCompile>
    <ClCompile Include="..\DVB-S2\DVB2.cpp">
      <Filter>dvb-s2</Filter>
    </ClCompile>
    <ClCompile Include="..\DVB-S2\dvb2_bbheader.cpp">
      <Filter>dvb-s2</Filter>
    </ClCompile>
    <ClCompile Include="..\DVB-S2\dvb2_bch.cpp">
      <Filter>dvb-s2</Filter>
    </ClCompile>
    <ClCompile Include="..\DVB-S2\dvb2_ldpc_encode.cpp">
      <Filter>dvb-s2</Filter>
    </ClCompile>
    <ClCompile Include="..\DVB-S2\dvb2_ldpc_tables.cpp">
      <Filter>dvb-s2</Filter>
    </ClCompile>
    <ClCompile Include="..\DVB-S2\dvb2_scrambler.cpp">
      <Filter>dvb-s2</Filter>
    </ClCompile>
    <ClCompile Include="..\DVB-S2\DVBS2.cpp">
      <Filter>dvb-s2</Filter>
    </ClCompile>
    <ClCompile Include="..\DVB-S2\dvbs2_interleave.cpp">
      <Filter>dvb-s2</Filter>
    </ClCompile>
    <ClCompile Include="..\DVB-S2\dvbs2_modulator.cpp">
      <Filter>dvb-s2</Filter>
    </ClCompile>
    <ClCompile Include="..\DVB-S2\dvbs2_physical.cpp">
      <Filter>dvb-s2</Filter>
    </ClCompile>
    <ClCompile Include="..\DVB-S2\dvbs2_scrambler.cpp">
      <Filter>dvb-s2</Filter>
    </ClCompile>
    <ClCompile Include="..\DVB-S2\dvbs2_tables.cpp">
      <Filter>dvb-s2</Filter>
    </ClCompile>
    <ClCompile Include="..\DVB-S\dvb_interleave.cpp">
      <Filter>dvb-s</Filter>
    </ClCompile>
    <ClCompile Include="..\DVB-S\dvb_rs_encoder.cpp">
      <Filter>dvb-s</Filter>
    </ClCompile>
    <ClCompile Include="..\DVB-S\dvbs_modulator.cpp">
      <Filter>dvb-s</Filter>
    </ClCompile>
    <ClCompile Include="..\DVB-S\dvbs_receive.cpp">
      <Filter>dvb-s</Filter>
    </ClCompile>
    <ClCompile Include="..\Sources\dvb_capture.cpp">
      <Filter>src</Filter>
    </ClCompile>
    <ClCompile Include="..\Sources\dvb_capture_ctl.cpp">
      <Filter>src</Filter>
    </ClCompile>
  </ItemGroup>
  <ItemGroup>
    <CustomBuild Include="..\mainwindow.h">
      <Filter>Header Files</Filter>
    </CustomBuild>
    <CustomBuild Include="..\mainwindow.ui">
      <Filter>Form Files</Filter>
    </CustomBuild>
  </ItemGroup>
  <ItemGroup>
    <ClInclude Include="GeneratedFiles\ui_mainwindow.h">
      <Filter>Generated Files</Filter>
    </ClInclude>
    <ClInclude Include="..\Sources\dvb.h">
      <Filter>src</Filter>
    </ClInclude>
    <ClInclude Include="..\Sources\dvb_buffer.h">
      <Filter>src</Filter>
    </ClInclude>
    <ClInclude Include="..\Sources\dvb_config.h">
      <Filter>src</Filter>
    </ClInclude>
    <ClInclude Include="..\Sources\dvb_gen.h">
      <Filter>src</Filter>
    </ClInclude>
    <ClInclude Include="..\Sources\dvb_gui_if.h">
      <Filter>src</Filter>
    </ClInclude>
    <ClInclude Include="..\Sources\dvb_options.h">
      <Filter>src</Filter>
    </ClInclude>
    <ClInclude Include="..\Sources\dvb_s2_if.h">
      <Filter>src</Filter>
    </ClInclude>
    <ClInclude Include="..\Sources\dvb_si.h">
      <Filter>src</Filter>
    </ClInclude>
    <ClInclude Include="..\Sources\dvb_types.h">
      <Filter>src</Filter>
    </ClInclude>
    <ClInclude Include="..\Sources\dvb_uhd.h">
      <Filter>src</Filter>
    </ClInclude>
    <ClInclude Include="..\Sources\mp_config.h">
      <Filter>src</Filter>
    </ClInclude>
    <ClInclude Include="..\Sources\mp_desc.h">
      <Filter>src</Filter>
    </ClInclude>
    <ClInclude Include="..\Sources\mp_si_desc.h">
      <Filter>src</Filter>
    </ClInclude>
    <ClInclude Include="..\Sources\mp_tp.h">
      <Filter>src</Filter>
    </ClInclude>
    <ClInclude Include="..\Sources\mp_ts_ids.h">
      <Filter>src</Filter>
    </ClInclude>
    <ClInclude Include="..\Sources\si570.h">
      <Filter>src</Filter>
    </ClInclude>
    <ClInclude Include="..\Sources\tx_hardware.h">
      <Filter>src</Filter>
    </ClInclude>
    <ClInclude Include="..\DVB-T\dvb_t.h">
      <Filter>dvb-t</Filter>
    </ClInclude>
    <ClInclude Include="..\DVB-T\dvb_t_sym.h">
      <Filter>dvb-t</Filter>
    </ClInclude>
    <ClInclude Include="..\DVB-S2\DVB2.h">
      <Filter>dvb-s2</Filter>
    </ClInclude>
    <ClInclude Include="..\DVB-S2\DVBS2.h">
      <Filter>dvb-s2</Filter>
    </ClInclude>
    <ClInclude Include="..\Sources\dvb_capture_ctl.h">
      <Filter>src</Filter>
    </ClInclude>
  </ItemGroup>
</Project>