
Microsoft Visual Studio Solution File, Format Version 11.00
# Visual Studio 2010
Project("{8BC9CEB8-8B4A-11D0-8D11-00A0C91BC942}") = "dvbs2-enc", "dvbs2-enc.vcxproj", "{DA10B8A4-63DC-4513-B47B-5DFAC320613D}"
EndProject
Project("{8BC9CEB8-8B4A-11D0-8D11-00A0C91BC942}") = "dvbs2-dec", "dvbs2-dec.vcxproj", "{8199C0E2-F3DF-4617-A086-C6CAC84AD03C}"
EndProject
Project("{8BC9CEB8-8B4A-11D0-8D11-00A0C91BC942}") = "driver-errorDetection", "driver-errorDetection.vcxproj", "{1CA0F68F-BBE2-45C1-8F55-8E9D860EF687}"
EndProject
Project("{8BC9CEB8-8B4A-11D0-8D11-00A0C91BC942}") = "driver-updateVar", "driver-updateVar.vcxproj", "{A3AC9CF5-D4EF-49EC-88DB-0E8480326F6C}"
EndProject
Project("{8BC9CEB8-8B4A-11D0-8D11-00A0C91BC942}") = "driver-updateChk", "driver-updateChk.vcxproj", "{1EF43B48-F2FF-4CD6-B94C-9D96FBED6E96}"
EndProject
Project("{8BC9CEB8-8B4A-11D0-8D11-00A0C91BC942}") = "driver-chienSearch", "driver-chienSearch.vcxproj", "{DA7E5B41-DB78-4B0B-B090-C0BA2C747830}"
EndProject
Project("{8BC9CEB8-8B4A-11D0-8D11-00A0C91BC942}") = "bch", "bch.vcxproj", "{9F418181-A307-4D34-823C-7539A48485F1}"
EndProject
Project("{8BC9CEB8-8B4A-11D0-8D11-00A0C91BC942}") = "driver-softBit", "driver-softBit.vcxproj", "{BAA0C4E1-C07F-484B-8AA6-347C6A587811}"
EndProject
Global
	GlobalSection(SolutionConfigurationPlatforms) = preSolution
		Debug|Win32 = Debug|Win32
		Debug|x64 = Debug|x64
		Release|Win32 = Release|Win32
		Release|x64 = Release|x64
	EndGlobalSection
	GlobalSection(ProjectConfigurationPlatforms) = postSolution
		{DA10B8A4-63DC-4513-B47B-5DFAC320613D}.Debug|Win32.ActiveCfg = Debug|Win32
		{DA10B8A4-63DC-4513-B47B-5DFAC320613D}.Debug|Win32.Build.0 = Debug|Win32
		{DA10B8A4-63DC-4513-B47B-5DFAC320613D}.Debug|x64.ActiveCfg = Debug|Win32
		{DA10B8A4-63DC-4513-B47B-5DFAC320613D}.Release|Win32.ActiveCfg = Release|Win32
		{DA10B8A4-63DC-4513-B47B-5DFAC320613D}.Release|Win32.Build.0 = Release|Win32
		{DA10B8A4-63DC-4513-B47B-5DFAC320613D}.Release|x64.ActiveCfg = Release|Win32
		{8199C0E2-F3DF-4617-A086-C6CAC84AD03C}.Debug|Win32.ActiveCfg = Debug|Win32
		{8199C0E2-F3DF-4617-A086-C6CAC84AD03C}.Debug|Win32.Build.0 = Debug|Win32
		{8199C0E2-F3DF-4617-A086-C6CAC84AD03C}.Debug|x64.ActiveCfg = Debug|Win32
		{8199C0E2-F3DF-4617-A086-C6CAC84AD03C}.Release|Win32.ActiveCfg = Release|Win32
		{8199C0E2-F3DF-4617-A086-C6CAC84AD03C}.Release|Win32.Build.0 = Release|Win32
		{8199C0E2-F3DF-4617-A086-C6CAC84AD03C}.Release|x64.ActiveCfg = Release|Win32
		{1CA0F68F-BBE2-45C1-8F55-8E9D860EF687}.Debug|Win32.ActiveCfg = Debug|Win32
		{1CA0F68F-BBE2-45C1-8F55-8E9D860EF687}.Debug|Win32.Build.0 = Debug|Win32
		{1CA0F68F-BBE2-45C1-8F55-8E9D860EF687}.Debug|x64.ActiveCfg = Debug|Win32
		{1CA0F68F-BBE2-45C1-8F55-8E9D860EF687}.Release|Win32.ActiveCfg = Release|Win32
		{1CA0F68F-BBE2-45C1-8F55-8E9D860EF687}.Release|Win32.Build.0 = Release|Win32
		{1CA0F68F-BBE2-45C1-8F55-8E9D860EF687}.Release|x64.ActiveCfg = Release|Win32
		{A3AC9CF5-D4EF-49EC-88DB-0E8480326F6C}.Debug|Win32.ActiveCfg = Debug|Win32
		{A3AC9CF5-D4EF-49EC-88DB-0E8480326F6C}.Debug|Win32.Build.0 = Debug|Win32
		{A3AC9CF5-D4EF-49EC-88DB-0E8480326F6C}.Debug|x64.ActiveCfg = Debug|Win32
		{A3AC9CF5-D4EF-49EC-88DB-0E8480326F6C}.Release|Win32.ActiveCfg = Release|Win32
		{A3AC9CF5-D4EF-49EC-88DB-0E8480326F6C}.Release|Win32.Build.0 = Release|Win32
		{A3AC9CF5-D4EF-49EC-88DB-0E8480326F6C}.Release|x64.ActiveCfg = Release|Win32
		{1EF43B48-F2FF-4CD6-B94C-9D96FBED6E96}.Debug|Win32.ActiveCfg = Debug|Win32
		{1EF43B48-F2FF-4CD6-B94C-9D96FBED6E96}.Debug|Win32.Build.0 = Debug|Win32
		{1EF43B48-F2FF-4CD6-B94C-9D96FBED6E96}.Debug|x64.ActiveCfg = Debug|Win32
		{1EF43B48-F2FF-4CD6-B94C-9D96FBED6E96}.Release|Win32.ActiveCfg = Release|Win32
		{1EF43B48-F2FF-4CD6-B94C-9D96FBED6E96}.Release|Win32.Build.0 = Release|Win32
		{1EF43B48-F2FF-4CD6-B94C-9D96FBED6E96}.Release|x64.ActiveCfg = Release|Win32
		{DA7E5B41-DB78-4B0B-B090-C0BA2C747830}.Debug|Win32.ActiveCfg = Debug|Win32
		{DA7E5B41-DB78-4B0B-B090-C0BA2C747830}.Debug|Win32.Build.0 = Debug|Win32
		{DA7E5B41-DB78-4B0B-B090-C0BA2C747830}.Debug|x64.ActiveCfg = Debug|Win32
		{DA7E5B41-DB78-4B0B-B090-C0BA2C747830}.Release|Win32.ActiveCfg = Release|Win32
		{DA7E5B41-DB78-4B0B-B090-C0BA2C747830}.Release|Win32.Build.0 = Release|Win32
		{DA7E5B41-DB78-4B0B-B090-C0BA2C747830}.Release|x64.ActiveCfg = Release|Win32
		{9F418181-A307-4D34-823C-7539A48485F1}.Debug|Win32.ActiveCfg = Debug|Win32
		{9F418181-A307-4D34-823C-7539A48485F1}.Debug|Win32.Build.0 = Debug|Win32
		{9F418181-A307-4D34-823C-7539A48485F1}.Debug|x64.ActiveCfg = Debug|Win32
		{9F418181-A307-4D34-823C-7539A48485F1}.Release|Win32.ActiveCfg = Release|Win32
		{9F418181-A307-4D34-823C-7539A48485F1}.Release|Win32.Build.0 = Release|Win32
		{9F418181-A307-4D34-823C-7539A48485F1}.Release|x64.ActiveCfg = Release|Win32
		{BAA0C4E1-C07F-484B-8AA6-347C6A587811}.Debug|Win32.ActiveCfg = Debug|Win32
		{BAA0C4E1-C07F-484B-8AA6-347C6A587811}.Debug|Win32.Build.0 = Debug|Win32
		{BAA0C4E1-C07F-484B-8AA6-347C6A587811}.Debug|x64.ActiveCfg = Debug|Win32
		{BAA0C4E1-C07F-484B-8AA6-347C6A587811}.Release|Win32.ActiveCfg = Release|Win32
		{BAA0C4E1-C07F-484B-8AA6-347C6A587811}.Release|Win32.Build.0 = Release|Win32
		{BAA0C4E1-C07F-484B-8AA6-347C6A587811}.Release|x64.ActiveCfg = Release|Win32
	EndGlobalSection
	GlobalSection(SolutionProperties) = preSolution
		HideSolutionNode = FALSE
	EndGlobalSection
EndGlobal
