<?xml version="1.0" encoding="utf-8"?>
<Project ToolsVersion="4.0" xmlns="http://schemas.microsoft.com/developer/msbuild/2003">
  <ItemGroup>
    <Filter Include="源文件">
      <UniqueIdentifier>{4FC737F1-C7A5-4376-A066-2A32D752A2FF}</UniqueIdentifier>
      <Extensions>cpp;c;cc;cxx;def;odl;idl;hpj;bat;asm;asmx</Extensions>
    </Filter>
    <Filter Include="头文件">
      <UniqueIdentifier>{93995380-89BD-4b04-88EB-625FBE52EBFB}</UniqueIdentifier>
      <Extensions>h;hpp;hxx;hm;inl;inc;xsd</Extensions>
    </Filter>
    <Filter Include="资源文件">
      <UniqueIdentifier>{67DA6AB6-F800-4c08-8B7A-83BB121AAD01}</UniqueIdentifier>
      <Extensions>rc;ico;cur;bmp;dlg;rc2;rct;bin;rgs;gif;jpg;jpeg;jpe;resx;tiff;tif;png;wav;mfcribbon-ms</Extensions>
    </Filter>
    <Filter Include="Sources">
      <UniqueIdentifier>{224cb4fe-f875-43b3-8bee-ba88be28b354}</UniqueIdentifier>
    </Filter>
    <Filter Include="fec">
      <UniqueIdentifier>{3c412592-0fc1-454b-8d75-9923c5990dbf}</UniqueIdentifier>
    </Filter>
  </ItemGroup>
  <ItemGroup>
    <ClCompile Include="..\DVB-S2\dvb2_bbheader.cpp">
      <Filter>源文件</Filter>
    </ClCompile>
    <ClCompile Include="..\DVB-S2\dvb2_bch.cpp">
      <Filter>源文件</Filter>
    </ClCompile>
    <ClCompile Include="..\DVB-S2\dvb2_ldpc_encode.cpp">
      <Filter>源文件</Filter>
    </ClCompile>
    <ClCompile Include="..\DVB-S2\dvb2_ldpc_tables.cpp">
      <Filter>源文件</Filter>
    </ClCompile>
    <ClCompile Include="..\DVB-S2\dvb2_scrambler.cpp">
      <Filter>源文件</Filter>
    </ClCompile>
    <ClCompile Include="..\DVB-S2\dvbs2_interleave.cpp">
      <Filter>源文件</Filter>
    </ClCompile>
    <ClCompile Include="..\DVB-S2\dvbs2_modulator.cpp">
      <Filter>源文件</Filter>
    </ClCompile>
    <ClCompile Include="..\DVB-S2\dvbs2_physical.cpp">
      <Filter>源文件</Filter>
    </ClCompile>
    <ClCompile Include="..\DVB-S2\dvbs2_scrambler.cpp">
      <Filter>源文件</Filter>
    </ClCompile>
    <ClCompile Include="..\DVB-S2\dvbs2_tables.cpp">
      <Filter>源文件</Filter>
    </ClCompile>
    <ClCompile Include="main.cpp" />
    <ClCompile Include="..\fec\ldpc_bp_decode.cpp">
      <Filter>fec</Filter>
    </ClCompile>
    <ClCompile Include="..\fec\dvbUtility.cpp">
      <Filter>fec</Filter>
    </ClCompile>
    <ClCompile Include="..\fec\modulatorFactory.cpp">
      <Filter>fec</Filter>
    </ClCompile>
    <ClCompile Include="..\fec\bch_bm.cpp">
      <Filter>fec</Filter>
    </ClCompile>
    <ClCompile Include="..\fec\ldpcFactory.cpp">
      <Filter>fec</Filter>
    </ClCompile>
    <ClCompile Include="..\DVB-S2\DVBS2.cpp" />
    <ClCompile Include="..\DVB-S2\DVB2.cpp" />
    <ClCompile Include="..\fec\itppUtility.cpp">
      <Filter>源文件</Filter>
    </ClCompile>
  </ItemGroup>
  <ItemGroup>
    <ClInclude Include="..\fec\ldpc_bp_decode.h">
      <Filter>fec</Filter>
    </ClInclude>
    <ClInclude Include="..\fec\dvbUtility.h">
      <Filter>fec</Filter>
    </ClInclude>
    <ClInclude Include="..\fec\helper_timer.h">
      <Filter>fec</Filter>
    </ClInclude>
    <ClInclude Include="..\fec\modulatorDefinition.h">
      <Filter>fec</Filter>
    </ClInclude>
    <ClInclude Include="..\fec\modulatorFactory.h">
      <Filter>fec</Filter>
    </ClInclude>
    <ClInclude Include="..\fec\bch_bm.h">
      <Filter>fec</Filter>
    </ClInclude>
    <ClInclude Include="..\fec\ldpcFactory.h">
      <Filter>fec</Filter>
    </ClInclude>
    <ClInclude Include="..\DVB-S2\DVBS2.h" />
    <ClInclude Include="..\DVB-S2\DVB2.h" />
    <ClInclude Include="..\fec\itppUtility.h">
      <Filter>头文件</Filter>
    </ClInclude>
    <ClInclude Include="..\DVB-S2\dvb2_ldpc_encode.h">
      <Filter>源文件</Filter>
    </ClInclude>
    <ClInclude Include="..\DVB-S2\dvb_types.h">
      <Filter>Sources</Filter>
    </ClInclude>
  </ItemGroup>
</Project>